
Microsoft Visual Studio Solution File, Format Version 12.00
# Visual Studio Version 17
VisualStudioVersion = 17.4.33213.308
MinimumVisualStudioVersion = 10.0.40219.1
Project("{FAE04EC0-301F-11D3-BF4B-00C04F79EFBC}") = "MvcMovie", "MvcMovie\MvcMovie.csproj", "{4C2018E6-FB1A-4ECF-9009-9A7C72DD5616}"
EndProject
Global
	GlobalSection(SolutionConfigurationPlatforms) = preSolution
		Debug|Any CPU = Debug|Any CPU
		Release|Any CPU = Release|Any CPU
	EndGlobalSection
	GlobalSection(ProjectConfigurationPlatforms) = postSolution
		{4C2018E6-FB1A-4ECF-9009-9A7C72DD5616}.Debug|Any CPU.ActiveCfg = Debug|Any CPU
		{4C2018E6-FB1A-4ECF-9009-9A7C72DD5616}.Debug|Any CPU.Build.0 = Debug|Any CPU
		{4C2018E6-FB1A-4ECF-9009-9A7C72DD5616}.Release|Any CPU.ActiveCfg = Release|Any CPU
		{4C2018E6-FB1A-4ECF-9009-9A7C72DD5616}.Release|Any CPU.Build.0 = Release|Any CPU
	EndGlobalSection
	GlobalSection(SolutionProperties) = preSolution
		HideSolutionNode = FALSE
	EndGlobalSection
	GlobalSection(ExtensibilityGlobals) = postSolution
		SolutionGuid = {29C9513C-DEF6-40C5-A9D8-F584CBDD9F63}
	EndGlobalSection
EndGlobal
