
Microsoft Visual Studio Solution File, Format Version 12.00
# Visual Studio Version 17
VisualStudioVersion = 17.4.33213.308
MinimumVisualStudioVersion = 10.0.40219.1
Project("{FAE04EC0-301F-11D3-BF4B-00C04F79EFBC}") = "TodoApi", "TodoApi.csproj", "{BA11D664-641B-4EE3-A786-AD6746DFB2CC}"
EndProject
Global
	GlobalSection(SolutionConfigurationPlatforms) = preSolution
		Debug|Any CPU = Debug|Any CPU
		Release|Any CPU = Release|Any CPU
	EndGlobalSection
	GlobalSection(ProjectConfigurationPlatforms) = postSolution
		{BA11D664-641B-4EE3-A786-AD6746DFB2CC}.Debug|Any CPU.ActiveCfg = Debug|Any CPU
		{BA11D664-641B-4EE3-A786-AD6746DFB2CC}.Debug|Any CPU.Build.0 = Debug|Any CPU
		{BA11D664-641B-4EE3-A786-AD6746DFB2CC}.Release|Any CPU.ActiveCfg = Release|Any CPU
		{BA11D664-641B-4EE3-A786-AD6746DFB2CC}.Release|Any CPU.Build.0 = Release|Any CPU
	EndGlobalSection
	GlobalSection(SolutionProperties) = preSolution
		HideSolutionNode = FALSE
	EndGlobalSection
	GlobalSection(ExtensibilityGlobals) = postSolution
		SolutionGuid = {70544B3B-D47E-491A-BEAF-B1D0ED7FA34B}
	EndGlobalSection
EndGlobal
